
Microsoft Visual Studio Solution File, Format Version 12.00
# Visual Studio Version 17
VisualStudioVersion = 17.6.33829.357
MinimumVisualStudioVersion = 10.0.40219.1
Project("{8BC9CEB8-8B4A-11D0-8D11-00A0C91BC942}") = "016-2023-10-09", "016-2023-10-09\016-2023-10-09.vcxproj", "{20EA1B12-F3C6-47D0-8C2F-B107971CD009}"
EndProject
Global
	GlobalSection(SolutionConfigurationPlatforms) = preSolution
		Debug|x64 = Debug|x64
		Debug|x86 = Debug|x86
		Release|x64 = Release|x64
		Release|x86 = Release|x86
	EndGlobalSection
	GlobalSection(ProjectConfigurationPlatforms) = postSolution
		{20EA1B12-F3C6-47D0-8C2F-B107971CD009}.Debug|x64.ActiveCfg = Debug|x64
		{20EA1B12-F3C6-47D0-8C2F-B107971CD009}.Debug|x64.Build.0 = Debug|x64
		{20EA1B12-F3C6-47D0-8C2F-B107971CD009}.Debug|x86.ActiveCfg = Debug|Win32
		{20EA1B12-F3C6-47D0-8C2F-B107971CD009}.Debug|x86.Build.0 = Debug|Win32
		{20EA1B12-F3C6-47D0-8C2F-B107971CD009}.Release|x64.ActiveCfg = Release|x64
		{20EA1B12-F3C6-47D0-8C2F-B107971CD009}.Release|x64.Build.0 = Release|x64
		{20EA1B12-F3C6-47D0-8C2F-B107971CD009}.Release|x86.ActiveCfg = Release|Win32
		{20EA1B12-F3C6-47D0-8C2F-B107971CD009}.Release|x86.Build.0 = Release|Win32
	EndGlobalSection
	GlobalSection(SolutionProperties) = preSolution
		HideSolutionNode = FALSE
	EndGlobalSection
	GlobalSection(ExtensibilityGlobals) = postSolution
		SolutionGuid = {CE5697B1-41AA-4798-AB12-9D2EA97F48C9}
	EndGlobalSection
EndGlobal
