
Microsoft Visual Studio Solution File, Format Version 12.00
# Visual Studio Version 17
VisualStudioVersion = 17.6.33829.357
MinimumVisualStudioVersion = 10.0.40219.1
Project("{8BC9CEB8-8B4A-11D0-8D11-00A0C91BC942}") = "014-2023-10-07", "014-2023-10-07\014-2023-10-07.vcxproj", "{815962C7-23E6-4F02-A9C6-14EDCBC98BA5}"
EndProject
Global
	GlobalSection(SolutionConfigurationPlatforms) = preSolution
		Debug|x64 = Debug|x64
		Debug|x86 = Debug|x86
		Release|x64 = Release|x64
		Release|x86 = Release|x86
	EndGlobalSection
	GlobalSection(ProjectConfigurationPlatforms) = postSolution
		{815962C7-23E6-4F02-A9C6-14EDCBC98BA5}.Debug|x64.ActiveCfg = Debug|x64
		{815962C7-23E6-4F02-A9C6-14EDCBC98BA5}.Debug|x64.Build.0 = Debug|x64
		{815962C7-23E6-4F02-A9C6-14EDCBC98BA5}.Debug|x86.ActiveCfg = Debug|Win32
		{815962C7-23E6-4F02-A9C6-14EDCBC98BA5}.Debug|x86.Build.0 = Debug|Win32
		{815962C7-23E6-4F02-A9C6-14EDCBC98BA5}.Release|x64.ActiveCfg = Release|x64
		{815962C7-23E6-4F02-A9C6-14EDCBC98BA5}.Release|x64.Build.0 = Release|x64
		{815962C7-23E6-4F02-A9C6-14EDCBC98BA5}.Release|x86.ActiveCfg = Release|Win32
		{815962C7-23E6-4F02-A9C6-14EDCBC98BA5}.Release|x86.Build.0 = Release|Win32
	EndGlobalSection
	GlobalSection(SolutionProperties) = preSolution
		HideSolutionNode = FALSE
	EndGlobalSection
	GlobalSection(ExtensibilityGlobals) = postSolution
		SolutionGuid = {92C51996-24AB-4E55-854F-CD9E44BF250B}
	EndGlobalSection
EndGlobal
