
Microsoft Visual Studio Solution File, Format Version 12.00
# Visual Studio Version 17
VisualStudioVersion = 17.6.33829.357
MinimumVisualStudioVersion = 10.0.40219.1
Project("{8BC9CEB8-8B4A-11D0-8D11-00A0C91BC942}") = "011-2023-09-08", "011-2023-09-08\011-2023-09-08.vcxproj", "{DF83C777-FA48-48AE-83B6-2AA55F84DD4B}"
EndProject
Global
	GlobalSection(SolutionConfigurationPlatforms) = preSolution
		Debug|x64 = Debug|x64
		Debug|x86 = Debug|x86
		Release|x64 = Release|x64
		Release|x86 = Release|x86
	EndGlobalSection
	GlobalSection(ProjectConfigurationPlatforms) = postSolution
		{DF83C777-FA48-48AE-83B6-2AA55F84DD4B}.Debug|x64.ActiveCfg = Debug|x64
		{DF83C777-FA48-48AE-83B6-2AA55F84DD4B}.Debug|x64.Build.0 = Debug|x64
		{DF83C777-FA48-48AE-83B6-2AA55F84DD4B}.Debug|x86.ActiveCfg = Debug|Win32
		{DF83C777-FA48-48AE-83B6-2AA55F84DD4B}.Debug|x86.Build.0 = Debug|Win32
		{DF83C777-FA48-48AE-83B6-2AA55F84DD4B}.Release|x64.ActiveCfg = Release|x64
		{DF83C777-FA48-48AE-83B6-2AA55F84DD4B}.Release|x64.Build.0 = Release|x64
		{DF83C777-FA48-48AE-83B6-2AA55F84DD4B}.Release|x86.ActiveCfg = Release|Win32
		{DF83C777-FA48-48AE-83B6-2AA55F84DD4B}.Release|x86.Build.0 = Release|Win32
	EndGlobalSection
	GlobalSection(SolutionProperties) = preSolution
		HideSolutionNode = FALSE
	EndGlobalSection
	GlobalSection(ExtensibilityGlobals) = postSolution
		SolutionGuid = {86F48ECB-37A5-48A2-A6F5-812D24FEF124}
	EndGlobalSection
EndGlobal
