
Microsoft Visual Studio Solution File, Format Version 12.00
# Visual Studio Version 17
VisualStudioVersion = 17.6.33829.357
MinimumVisualStudioVersion = 10.0.40219.1
Project("{8BC9CEB8-8B4A-11D0-8D11-00A0C91BC942}") = "023-2023-09-20", "023-2023-09-20\023-2023-09-20.vcxproj", "{8E0E238E-0EC8-481B-8E3A-4ACE1985B823}"
EndProject
Global
	GlobalSection(SolutionConfigurationPlatforms) = preSolution
		Debug|x64 = Debug|x64
		Debug|x86 = Debug|x86
		Release|x64 = Release|x64
		Release|x86 = Release|x86
	EndGlobalSection
	GlobalSection(ProjectConfigurationPlatforms) = postSolution
		{8E0E238E-0EC8-481B-8E3A-4ACE1985B823}.Debug|x64.ActiveCfg = Debug|x64
		{8E0E238E-0EC8-481B-8E3A-4ACE1985B823}.Debug|x64.Build.0 = Debug|x64
		{8E0E238E-0EC8-481B-8E3A-4ACE1985B823}.Debug|x86.ActiveCfg = Debug|Win32
		{8E0E238E-0EC8-481B-8E3A-4ACE1985B823}.Debug|x86.Build.0 = Debug|Win32
		{8E0E238E-0EC8-481B-8E3A-4ACE1985B823}.Release|x64.ActiveCfg = Release|x64
		{8E0E238E-0EC8-481B-8E3A-4ACE1985B823}.Release|x64.Build.0 = Release|x64
		{8E0E238E-0EC8-481B-8E3A-4ACE1985B823}.Release|x86.ActiveCfg = Release|Win32
		{8E0E238E-0EC8-481B-8E3A-4ACE1985B823}.Release|x86.Build.0 = Release|Win32
	EndGlobalSection
	GlobalSection(SolutionProperties) = preSolution
		HideSolutionNode = FALSE
	EndGlobalSection
	GlobalSection(ExtensibilityGlobals) = postSolution
		SolutionGuid = {2188CFBF-BB40-46B6-8693-9D0BB82BE5BD}
	EndGlobalSection
EndGlobal
