
Microsoft Visual Studio Solution File, Format Version 12.00
# Visual Studio Version 17
VisualStudioVersion = 17.7.34221.43
MinimumVisualStudioVersion = 10.0.40219.1
Project("{8BC9CEB8-8B4A-11D0-8D11-00A0C91BC942}") = "01-2023-11-23", "01-2023-11-23\01-2023-11-23.vcxproj", "{3D028CFD-7FB1-4A70-9F28-885B13A78CB7}"
EndProject
Global
	GlobalSection(SolutionConfigurationPlatforms) = preSolution
		Debug|x64 = Debug|x64
		Debug|x86 = Debug|x86
		Release|x64 = Release|x64
		Release|x86 = Release|x86
	EndGlobalSection
	GlobalSection(ProjectConfigurationPlatforms) = postSolution
		{3D028CFD-7FB1-4A70-9F28-885B13A78CB7}.Debug|x64.ActiveCfg = Debug|x64
		{3D028CFD-7FB1-4A70-9F28-885B13A78CB7}.Debug|x64.Build.0 = Debug|x64
		{3D028CFD-7FB1-4A70-9F28-885B13A78CB7}.Debug|x86.ActiveCfg = Debug|Win32
		{3D028CFD-7FB1-4A70-9F28-885B13A78CB7}.Debug|x86.Build.0 = Debug|Win32
		{3D028CFD-7FB1-4A70-9F28-885B13A78CB7}.Release|x64.ActiveCfg = Release|x64
		{3D028CFD-7FB1-4A70-9F28-885B13A78CB7}.Release|x64.Build.0 = Release|x64
		{3D028CFD-7FB1-4A70-9F28-885B13A78CB7}.Release|x86.ActiveCfg = Release|Win32
		{3D028CFD-7FB1-4A70-9F28-885B13A78CB7}.Release|x86.Build.0 = Release|Win32
	EndGlobalSection
	GlobalSection(SolutionProperties) = preSolution
		HideSolutionNode = FALSE
	EndGlobalSection
	GlobalSection(ExtensibilityGlobals) = postSolution
		SolutionGuid = {94DE8EFE-8B9D-4031-A48D-69C5BD4B8110}
	EndGlobalSection
EndGlobal
