
Microsoft Visual Studio Solution File, Format Version 12.00
# Visual Studio Version 17
VisualStudioVersion = 17.6.33829.357
MinimumVisualStudioVersion = 10.0.40219.1
Project("{8BC9CEB8-8B4A-11D0-8D11-00A0C91BC942}") = "009-2023-09-30", "009-2023-09-30\009-2023-09-30.vcxproj", "{81910252-050A-4487-BE5C-3B6E0EDFA846}"
EndProject
Global
	GlobalSection(SolutionConfigurationPlatforms) = preSolution
		Debug|x64 = Debug|x64
		Debug|x86 = Debug|x86
		Release|x64 = Release|x64
		Release|x86 = Release|x86
	EndGlobalSection
	GlobalSection(ProjectConfigurationPlatforms) = postSolution
		{81910252-050A-4487-BE5C-3B6E0EDFA846}.Debug|x64.ActiveCfg = Debug|x64
		{81910252-050A-4487-BE5C-3B6E0EDFA846}.Debug|x64.Build.0 = Debug|x64
		{81910252-050A-4487-BE5C-3B6E0EDFA846}.Debug|x86.ActiveCfg = Debug|Win32
		{81910252-050A-4487-BE5C-3B6E0EDFA846}.Debug|x86.Build.0 = Debug|Win32
		{81910252-050A-4487-BE5C-3B6E0EDFA846}.Release|x64.ActiveCfg = Release|x64
		{81910252-050A-4487-BE5C-3B6E0EDFA846}.Release|x64.Build.0 = Release|x64
		{81910252-050A-4487-BE5C-3B6E0EDFA846}.Release|x86.ActiveCfg = Release|Win32
		{81910252-050A-4487-BE5C-3B6E0EDFA846}.Release|x86.Build.0 = Release|Win32
	EndGlobalSection
	GlobalSection(SolutionProperties) = preSolution
		HideSolutionNode = FALSE
	EndGlobalSection
	GlobalSection(ExtensibilityGlobals) = postSolution
		SolutionGuid = {BF038601-D04B-42BD-BECB-537E234ACF94}
	EndGlobalSection
EndGlobal
