
Microsoft Visual Studio Solution File, Format Version 12.00
# Visual Studio Version 17
VisualStudioVersion = 17.6.33829.357
MinimumVisualStudioVersion = 10.0.40219.1
Project("{8BC9CEB8-8B4A-11D0-8D11-00A0C91BC942}") = "009-2023-09-05", "009-2023-09-05\009-2023-09-05.vcxproj", "{D3C37EF9-EB4F-432B-901E-105AD58ADFD7}"
EndProject
Global
	GlobalSection(SolutionConfigurationPlatforms) = preSolution
		Debug|x64 = Debug|x64
		Debug|x86 = Debug|x86
		Release|x64 = Release|x64
		Release|x86 = Release|x86
	EndGlobalSection
	GlobalSection(ProjectConfigurationPlatforms) = postSolution
		{D3C37EF9-EB4F-432B-901E-105AD58ADFD7}.Debug|x64.ActiveCfg = Debug|x64
		{D3C37EF9-EB4F-432B-901E-105AD58ADFD7}.Debug|x64.Build.0 = Debug|x64
		{D3C37EF9-EB4F-432B-901E-105AD58ADFD7}.Debug|x86.ActiveCfg = Debug|Win32
		{D3C37EF9-EB4F-432B-901E-105AD58ADFD7}.Debug|x86.Build.0 = Debug|Win32
		{D3C37EF9-EB4F-432B-901E-105AD58ADFD7}.Release|x64.ActiveCfg = Release|x64
		{D3C37EF9-EB4F-432B-901E-105AD58ADFD7}.Release|x64.Build.0 = Release|x64
		{D3C37EF9-EB4F-432B-901E-105AD58ADFD7}.Release|x86.ActiveCfg = Release|Win32
		{D3C37EF9-EB4F-432B-901E-105AD58ADFD7}.Release|x86.Build.0 = Release|Win32
	EndGlobalSection
	GlobalSection(SolutionProperties) = preSolution
		HideSolutionNode = FALSE
	EndGlobalSection
	GlobalSection(ExtensibilityGlobals) = postSolution
		SolutionGuid = {AB84C968-7EFA-4618-8DEB-297E20CA189A}
	EndGlobalSection
EndGlobal
